
Microsoft Visual Studio Solution File, Format Version 12.00
# Visual Studio 15
VisualStudioVersion = 15.0.28010.0
MinimumVisualStudioVersion = 10.0.40219.1
Project("{FAE04EC0-301F-11D3-BF4B-00C04F79EFBC}") = "ASPMVC.Web", "ASPMVC\ASPMVC.Web.csproj", "{1E36E647-9D9C-43C6-9C0F-858DE8EEFF33}"
EndProject
Global
	GlobalSection(SolutionConfigurationPlatforms) = preSolution
		Debug|Any CPU = Debug|Any CPU
		Release|Any CPU = Release|Any CPU
	EndGlobalSection
	GlobalSection(ProjectConfigurationPlatforms) = postSolution
		{1E36E647-9D9C-43C6-9C0F-858DE8EEFF33}.Debug|Any CPU.ActiveCfg = Debug|Any CPU
		{1E36E647-9D9C-43C6-9C0F-858DE8EEFF33}.Debug|Any CPU.Build.0 = Debug|Any CPU
		{1E36E647-9D9C-43C6-9C0F-858DE8EEFF33}.Release|Any CPU.ActiveCfg = Release|Any CPU
		{1E36E647-9D9C-43C6-9C0F-858DE8EEFF33}.Release|Any CPU.Build.0 = Release|Any CPU
	EndGlobalSection
	GlobalSection(SolutionProperties) = preSolution
		HideSolutionNode = FALSE
	EndGlobalSection
	GlobalSection(ExtensibilityGlobals) = postSolution
		SolutionGuid = {11C8966C-0A8D-4982-90AF-E55FF598E800}
	EndGlobalSection
EndGlobal
